<?xml version="1.0" encoding="utf-8"?>
<Project ToolsVersion="4.0" xmlns="http://schemas.microsoft.com/developer/msbuild/2003">
  <ItemGroup>
    <Filter Include="Quelldateien">
      <UniqueIdentifier>{4FC737F1-C7A5-4376-A066-2A32D752A2FF}</UniqueIdentifier>
      <Extensions>cpp;c;cc;cxx;c++;cppm;ixx;def;odl;idl;hpj;bat;asm;asmx</Extensions>
    </Filter>
    <Filter Include="Headerdateien">
      <UniqueIdentifier>{93995380-89BD-4b04-88EB-625FBE52EBFB}</UniqueIdentifier>
      <Extensions>h;hh;hpp;hxx;h++;hm;inl;inc;ipp;xsd</Extensions>
    </Filter>
    <Filter Include="Ressourcendateien">
      <UniqueIdentifier>{67DA6AB6-F800-4c08-8B7A-83BB121AAD01}</UniqueIdentifier>
      <Extensions>rc;ico;cur;bmp;dlg;rc2;rct;bin;rgs;gif;jpg;jpeg;jpe;resx;tiff;tif;png;wav;mfcribbon-ms</Extensions>
    </Filter>
  </ItemGroup>
  <ItemGroup>
    <ClCompile Include="Memory.cpp">
      <Filter>Quelldateien</Filter>
    </ClCompile>
    <ClCompile Include="Bhob.cpp">
      <Filter>Quelldateien</Filter>
    </ClCompile>
    <ClCompile Include="Trigger.cpp">
      <Filter>Quelldateien</Filter>
    </ClCompile>
    <ClCompile Include="Wallhack.cpp">
      <Filter>Quelldateien</Filter>
    </ClCompile>
    <ClCompile Include="Offsets.cpp">
      <Filter>Quelldateien</Filter>
    </ClCompile>
    <ClCompile Include="SkinChanger.cpp">
      <Filter>Quelldateien</Filter>
    </ClCompile>
    <ClCompile Include="WeaponSkins.cpp">
      <Filter>Quelldateien</Filter>
    </ClCompile>
    <ClCompile Include="Aimbot1.cpp">
      <Filter>Quelldateien</Filter>
    </ClCompile>
    <ClCompile Include="KnifeChanger.cpp">
      <Filter>Quelldateien</Filter>
    </ClCompile>
    <ClCompile Include="CsgoCheat.cpp">
      <Filter>Quelldateien</Filter>
    </ClCompile>
    <ClCompile Include="config.cpp">
      <Filter>Quelldateien</Filter>
    </ClCompile>
    <ClCompile Include="Antiflash.cpp">
      <Filter>Quelldateien</Filter>
    </ClCompile>
    <ClCompile Include="antirecoil.cpp">
      <Filter>Quelldateien</Filter>
    </ClCompile>
  </ItemGroup>
  <ItemGroup>
    <ClInclude Include="Memory.h">
      <Filter>Headerdateien</Filter>
    </ClInclude>
    <ClInclude Include="Bhop.h">
      <Filter>Headerdateien</Filter>
    </ClInclude>
    <ClInclude Include="Offsets.h">
      <Filter>Headerdateien</Filter>
    </ClInclude>
    <ClInclude Include="Trigger.h">
      <Filter>Headerdateien</Filter>
    </ClInclude>
    <ClInclude Include="Wallhack.h">
      <Filter>Headerdateien</Filter>
    </ClInclude>
    <ClInclude Include="SkinChanger.h">
      <Filter>Headerdateien</Filter>
    </ClInclude>
    <ClInclude Include="WeaponSkins.h">
      <Filter>Headerdateien</Filter>
    </ClInclude>
    <ClInclude Include="Aimbot1.h">
      <Filter>Headerdateien</Filter>
    </ClInclude>
    <ClInclude Include="KnifeChanger.h">
      <Filter>Headerdateien</Filter>
    </ClInclude>
    <ClInclude Include="config.h">
      <Filter>Headerdateien</Filter>
    </ClInclude>
    <ClInclude Include="Antiflash.h">
      <Filter>Headerdateien</Filter>
    </ClInclude>
    <ClInclude Include="antirecoil.h">
      <Filter>Headerdateien</Filter>
    </ClInclude>
  </ItemGroup>
</Project>